// !$*UTF8*$!
{
	archiveVersion = 1;
	classes = {
	};
	objectVersion = 56;
	objects = {

/* Begin PBXBuildFile section */
		BF68E56C2AE60A6E007DE7F7 /* WebStorageApp.swift in Sources */ = {isa = PBXBuildFile; fileRef = BF68E56B2AE60A6E007DE7F7 /* WebStorageApp.swift */; };
		BF68E56E2AE60A6E007DE7F7 /* ContentView.swift in Sources */ = {isa = PBXBuildFile; fileRef = BF68E56D2AE60A6E007DE7F7 /* ContentView.swift */; };
		BF68E5702AE60A70007DE7F7 /* Assets.xcassets in Resources */ = {isa = PBXBuildFile; fileRef = BF68E56F2AE60A70007DE7F7 /* Assets.xcassets */; };
		BF68E5732AE60A70007DE7F7 /* Preview Assets.xcassets in Resources */ = {isa = PBXBuildFile; fileRef = BF68E5722AE60A70007DE7F7 /* Preview Assets.xcassets */; };
		BF68E57D2AE60A70007DE7F7 /* WebStorageTests.swift in Sources */ = {isa = PBXBuildFile; fileRef = BF68E57C2AE60A70007DE7F7 /* WebStorageTests.swift */; };
		BF68E5872AE60A70007DE7F7 /* WebStorageUITests.swift in Sources */ = {isa = PBXBuildFile; fileRef = BF68E5862AE60A70007DE7F7 /* WebStorageUITests.swift */; };
		BF68E5892AE60A70007DE7F7 /* WebStorageUITestsLaunchTests.swift in Sources */ = {isa = PBXBuildFile; fileRef = BF68E5882AE60A70007DE7F7 /* WebStorageUITestsLaunchTests.swift */; };
		BF68E5972AE60AE2007DE7F7 /* LoginView.swift in Sources */ = {isa = PBXBuildFile; fileRef = BF68E5962AE60AE2007DE7F7 /* LoginView.swift */; };
		BF68E59A2AE60E0B007DE7F7 /* ColorExtension.swift in Sources */ = {isa = PBXBuildFile; fileRef = BF68E5992AE60E0B007DE7F7 /* ColorExtension.swift */; };
		BF68E59D2AE61302007DE7F7 /* HTTPClient.swift in Sources */ = {isa = PBXBuildFile; fileRef = BF68E59C2AE61302007DE7F7 /* HTTPClient.swift */; };
		BF68E59F2AE62DA3007DE7F7 /* UserDefaultsWrapper.swift in Sources */ = {isa = PBXBuildFile; fileRef = BF68E59E2AE62DA3007DE7F7 /* UserDefaultsWrapper.swift */; };
		BF68E5A22AE62E4B007DE7F7 /* UserDefaultsManager.swift in Sources */ = {isa = PBXBuildFile; fileRef = BF68E5A12AE62E4B007DE7F7 /* UserDefaultsManager.swift */; };
		BF68E5A42AE62E83007DE7F7 /* UserData.swift in Sources */ = {isa = PBXBuildFile; fileRef = BF68E5A32AE62E83007DE7F7 /* UserData.swift */; };
		BF68E5A62AE63517007DE7F7 /* FileView.swift in Sources */ = {isa = PBXBuildFile; fileRef = BF68E5A52AE63517007DE7F7 /* FileView.swift */; };
/* End PBXBuildFile section */

/* Begin PBXContainerItemProxy section */
		BF68E5792AE60A70007DE7F7 /* PBXContainerItemProxy */ = {
			isa = PBXContainerItemProxy;
			containerPortal = BF68E5602AE60A6D007DE7F7 /* Project object */;
			proxyType = 1;
			remoteGlobalIDString = BF68E5672AE60A6D007DE7F7;
			remoteInfo = WebStorage;
		};
		BF68E5832AE60A70007DE7F7 /* PBXContainerItemProxy */ = {
			isa = PBXContainerItemProxy;
			containerPortal = BF68E5602AE60A6D007DE7F7 /* Project object */;
			proxyType = 1;
			remoteGlobalIDString = BF68E5672AE60A6D007DE7F7;
			remoteInfo = WebStorage;
		};
/* End PBXContainerItemProxy section */

/* Begin PBXFileReference section */
		BF68E5682AE60A6E007DE7F7 /* WebStorage.app */ = {isa = PBXFileReference; explicitFileType = wrapper.application; includeInIndex = 0; path = WebStorage.app; sourceTree = BUILT_PRODUCTS_DIR; };
		BF68E56B2AE60A6E007DE7F7 /* WebStorageApp.swift */ = {isa = PBXFileReference; lastKnownFileType = sourcecode.swift; path = WebStorageApp.swift; sourceTree = "<group>"; };
		BF68E56D2AE60A6E007DE7F7 /* ContentView.swift */ = {isa = PBXFileReference; lastKnownFileType = sourcecode.swift; path = ContentView.swift; sourceTree = "<group>"; };
		BF68E56F2AE60A70007DE7F7 /* Assets.xcassets */ = {isa = PBXFileReference; lastKnownFileType = folder.assetcatalog; path = Assets.xcassets; sourceTree = "<group>"; };
		BF68E5722AE60A70007DE7F7 /* Preview Assets.xcassets */ = {isa = PBXFileReference; lastKnownFileType = folder.assetcatalog; path = "Preview Assets.xcassets"; sourceTree = "<group>"; };
		BF68E5782AE60A70007DE7F7 /* WebStorageTests.xctest */ = {isa = PBXFileReference; explicitFileType = wrapper.cfbundle; includeInIndex = 0; path = WebStorageTests.xctest; sourceTree = BUILT_PRODUCTS_DIR; };
		BF68E57C2AE60A70007DE7F7 /* WebStorageTests.swift */ = {isa = PBXFileReference; lastKnownFileType = sourcecode.swift; path = WebStorageTests.swift; sourceTree = "<group>"; };
		BF68E5822AE60A70007DE7F7 /* WebStorageUITests.xctest */ = {isa = PBXFileReference; explicitFileType = wrapper.cfbundle; includeInIndex = 0; path = WebStorageUITests.xctest; sourceTree = BUILT_PRODUCTS_DIR; };
		BF68E5862AE60A70007DE7F7 /* WebStorageUITests.swift */ = {isa = PBXFileReference; lastKnownFileType = sourcecode.swift; path = WebStorageUITests.swift; sourceTree = "<group>"; };
		BF68E5882AE60A70007DE7F7 /* WebStorageUITestsLaunchTests.swift */ = {isa = PBXFileReference; lastKnownFileType = sourcecode.swift; path = WebStorageUITestsLaunchTests.swift; sourceTree = "<group>"; };
		BF68E5962AE60AE2007DE7F7 /* LoginView.swift */ = {isa = PBXFileReference; lastKnownFileType = sourcecode.swift; path = LoginView.swift; sourceTree = "<group>"; };
		BF68E5992AE60E0B007DE7F7 /* ColorExtension.swift */ = {isa = PBXFileReference; lastKnownFileType = sourcecode.swift; path = ColorExtension.swift; sourceTree = "<group>"; };
		BF68E59C2AE61302007DE7F7 /* HTTPClient.swift */ = {isa = PBXFileReference; lastKnownFileType = sourcecode.swift; path = HTTPClient.swift; sourceTree = "<group>"; };
		BF68E59E2AE62DA3007DE7F7 /* UserDefaultsWrapper.swift */ = {isa = PBXFileReference; lastKnownFileType = sourcecode.swift; path = UserDefaultsWrapper.swift; sourceTree = "<group>"; };
		BF68E5A12AE62E4B007DE7F7 /* UserDefaultsManager.swift */ = {isa = PBXFileReference; lastKnownFileType = sourcecode.swift; path = UserDefaultsManager.swift; sourceTree = "<group>"; };
		BF68E5A32AE62E83007DE7F7 /* UserData.swift */ = {isa = PBXFileReference; lastKnownFileType = sourcecode.swift; path = UserData.swift; sourceTree = "<group>"; };
		BF68E5A52AE63517007DE7F7 /* FileView.swift */ = {isa = PBXFileReference; lastKnownFileType = sourcecode.swift; path = FileView.swift; sourceTree = "<group>"; };
/* End PBXFileReference section */

/* Begin PBXFrameworksBuildPhase section */
		BF68E5652AE60A6D007DE7F7 /* Frameworks */ = {
			isa = PBXFrameworksBuildPhase;
			buildActionMask = 2147483647;
			files = (
			);
			runOnlyForDeploymentPostprocessing = 0;
		};
		BF68E5752AE60A70007DE7F7 /* Frameworks */ = {
			isa = PBXFrameworksBuildPhase;
			buildActionMask = 2147483647;
			files = (
			);
			runOnlyForDeploymentPostprocessing = 0;
		};
		BF68E57F2AE60A70007DE7F7 /* Frameworks */ = {
			isa = PBXFrameworksBuildPhase;
			buildActionMask = 2147483647;
			files = (
			);
			runOnlyForDeploymentPostprocessing = 0;
		};
/* End PBXFrameworksBuildPhase section */

/* Begin PBXGroup section */
		BF68E55F2AE60A6D007DE7F7 = {
			isa = PBXGroup;
			children = (
				BF68E56A2AE60A6E007DE7F7 /* WebStorage */,
				BF68E57B2AE60A70007DE7F7 /* WebStorageTests */,
				BF68E5852AE60A70007DE7F7 /* WebStorageUITests */,
				BF68E5692AE60A6E007DE7F7 /* Products */,
			);
			sourceTree = "<group>";
		};
		BF68E5692AE60A6E007DE7F7 /* Products */ = {
			isa = PBXGroup;
			children = (
				BF68E5682AE60A6E007DE7F7 /* WebStorage.app */,
				BF68E5782AE60A70007DE7F7 /* WebStorageTests.xctest */,
				BF68E5822AE60A70007DE7F7 /* WebStorageUITests.xctest */,
			);
			name = Products;
			sourceTree = "<group>";
		};
		BF68E56A2AE60A6E007DE7F7 /* WebStorage */ = {
			isa = PBXGroup;
			children = (
				BF68E5A02AE62E27007DE7F7 /* Storage */,
				BF68E59B2AE612F7007DE7F7 /* HTTP */,
				BF68E5982AE60DFC007DE7F7 /* Extensions */,
				BF68E5952AE60ACE007DE7F7 /* Views */,
				BF68E56B2AE60A6E007DE7F7 /* WebStorageApp.swift */,
				BF68E56D2AE60A6E007DE7F7 /* ContentView.swift */,
				BF68E56F2AE60A70007DE7F7 /* Assets.xcassets */,
				BF68E5712AE60A70007DE7F7 /* Preview Content */,
			);
			path = WebStorage;
			sourceTree = "<group>";
		};
		BF68E5712AE60A70007DE7F7 /* Preview Content */ = {
			isa = PBXGroup;
			children = (
				BF68E5722AE60A70007DE7F7 /* Preview Assets.xcassets */,
			);
			path = "Preview Content";
			sourceTree = "<group>";
		};
		BF68E57B2AE60A70007DE7F7 /* WebStorageTests */ = {
			isa = PBXGroup;
			children = (
				BF68E57C2AE60A70007DE7F7 /* WebStorageTests.swift */,
			);
			path = WebStorageTests;
			sourceTree = "<group>";
		};
		BF68E5852AE60A70007DE7F7 /* WebStorageUITests */ = {
			isa = PBXGroup;
			children = (
				BF68E5862AE60A70007DE7F7 /* WebStorageUITests.swift */,
				BF68E5882AE60A70007DE7F7 /* WebStorageUITestsLaunchTests.swift */,
			);
			path = WebStorageUITests;
			sourceTree = "<group>";
		};
		BF68E5952AE60ACE007DE7F7 /* Views */ = {
			isa = PBXGroup;
			children = (
				BF68E5962AE60AE2007DE7F7 /* LoginView.swift */,
				BF68E5A52AE63517007DE7F7 /* FileView.swift */,
			);
			path = Views;
			sourceTree = "<group>";
		};
		BF68E5982AE60DFC007DE7F7 /* Extensions */ = {
			isa = PBXGroup;
			children = (
				BF68E5992AE60E0B007DE7F7 /* ColorExtension.swift */,
			);
			path = Extensions;
			sourceTree = "<group>";
		};
		BF68E59B2AE612F7007DE7F7 /* HTTP */ = {
			isa = PBXGroup;
			children = (
				BF68E59C2AE61302007DE7F7 /* HTTPClient.swift */,
			);
			path = HTTP;
			sourceTree = "<group>";
		};
		BF68E5A02AE62E27007DE7F7 /* Storage */ = {
			isa = PBXGroup;
			children = (
				BF68E59E2AE62DA3007DE7F7 /* UserDefaultsWrapper.swift */,
				BF68E5A12AE62E4B007DE7F7 /* UserDefaultsManager.swift */,
				BF68E5A32AE62E83007DE7F7 /* UserData.swift */,
			);
			path = Storage;
			sourceTree = "<group>";
		};
/* End PBXGroup section */

/* Begin PBXNativeTarget section */
		BF68E5672AE60A6D007DE7F7 /* WebStorage */ = {
			isa = PBXNativeTarget;
			buildConfigurationList = BF68E58C2AE60A70007DE7F7 /* Build configuration list for PBXNativeTarget "WebStorage" */;
			buildPhases = (
				BF68E5642AE60A6D007DE7F7 /* Sources */,
				BF68E5652AE60A6D007DE7F7 /* Frameworks */,
				BF68E5662AE60A6D007DE7F7 /* Resources */,
			);
			buildRules = (
			);
			dependencies = (
			);
			name = WebStorage;
			productName = WebStorage;
			productReference = BF68E5682AE60A6E007DE7F7 /* WebStorage.app */;
			productType = "com.apple.product-type.application";
		};
		BF68E5772AE60A70007DE7F7 /* WebStorageTests */ = {
			isa = PBXNativeTarget;
			buildConfigurationList = BF68E58F2AE60A70007DE7F7 /* Build configuration list for PBXNativeTarget "WebStorageTests" */;
			buildPhases = (
				BF68E5742AE60A70007DE7F7 /* Sources */,
				BF68E5752AE60A70007DE7F7 /* Frameworks */,
				BF68E5762AE60A70007DE7F7 /* Resources */,
			);
			buildRules = (
			);
			dependencies = (
				BF68E57A2AE60A70007DE7F7 /* PBXTargetDependency */,
			);
			name = WebStorageTests;
			productName = WebStorageTests;
			productReference = BF68E5782AE60A70007DE7F7 /* WebStorageTests.xctest */;
			productType = "com.apple.product-type.bundle.unit-test";
		};
		BF68E5812AE60A70007DE7F7 /* WebStorageUITests */ = {
			isa = PBXNativeTarget;
			buildConfigurationList = BF68E5922AE60A70007DE7F7 /* Build configuration list for PBXNativeTarget "WebStorageUITests" */;
			buildPhases = (
				BF68E57E2AE60A70007DE7F7 /* Sources */,
				BF68E57F2AE60A70007DE7F7 /* Frameworks */,
				BF68E5802AE60A70007DE7F7 /* Resources */,
			);
			buildRules = (
			);
			dependencies = (
				BF68E5842AE60A70007DE7F7 /* PBXTargetDependency */,
			);
			name = WebStorageUITests;
			productName = WebStorageUITests;
			productReference = BF68E5822AE60A70007DE7F7 /* WebStorageUITests.xctest */;
			productType = "com.apple.product-type.bundle.ui-testing";
		};
/* End PBXNativeTarget section */

/* Begin PBXProject section */
		BF68E5602AE60A6D007DE7F7 /* Project object */ = {
			isa = PBXProject;
			attributes = {
				BuildIndependentTargetsInParallel = 1;
				LastSwiftUpdateCheck = 1500;
				LastUpgradeCheck = 1500;
				TargetAttributes = {
					BF68E5672AE60A6D007DE7F7 = {
						CreatedOnToolsVersion = 15.0;
					};
					BF68E5772AE60A70007DE7F7 = {
						CreatedOnToolsVersion = 15.0;
						TestTargetID = BF68E5672AE60A6D007DE7F7;
					};
					BF68E5812AE60A70007DE7F7 = {
						CreatedOnToolsVersion = 15.0;
						TestTargetID = BF68E5672AE60A6D007DE7F7;
					};
				};
			};
			buildConfigurationList = BF68E5632AE60A6D007DE7F7 /* Build configuration list for PBXProject "WebStorage" */;
			compatibilityVersion = "Xcode 14.0";
			developmentRegion = en;
			hasScannedForEncodings = 0;
			knownRegions = (
				en,
				Base,
			);
			mainGroup = BF68E55F2AE60A6D007DE7F7;
			productRefGroup = BF68E5692AE60A6E007DE7F7 /* Products */;
			projectDirPath = "";
			projectRoot = "";
			targets = (
				BF68E5672AE60A6D007DE7F7 /* WebStorage */,
				BF68E5772AE60A70007DE7F7 /* WebStorageTests */,
				BF68E5812AE60A70007DE7F7 /* WebStorageUITests */,
			);
		};
/* End PBXProject section */

/* Begin PBXResourcesBuildPhase section */
		BF68E5662AE60A6D007DE7F7 /* Resources */ = {
			isa = PBXResourcesBuildPhase;
			buildActionMask = 2147483647;
			files = (
				BF68E5732AE60A70007DE7F7 /* Preview Assets.xcassets in Resources */,
				BF68E5702AE60A70007DE7F7 /* Assets.xcassets in Resources */,
			);
			runOnlyForDeploymentPostprocessing = 0;
		};
		BF68E5762AE60A70007DE7F7 /* Resources */ = {
			isa = PBXResourcesBuildPhase;
			buildActionMask = 2147483647;
			files = (
			);
			runOnlyForDeploymentPostprocessing = 0;
		};
		BF68E5802AE60A70007DE7F7 /* Resources */ = {
			isa = PBXResourcesBuildPhase;
			buildActionMask = 2147483647;
			files = (
			);
			runOnlyForDeploymentPostprocessing = 0;
		};
/* End PBXResourcesBuildPhase section */

/* Begin PBXSourcesBuildPhase section */
		BF68E5642AE60A6D007DE7F7 /* Sources */ = {
			isa = PBXSourcesBuildPhase;
			buildActionMask = 2147483647;
			files = (
				BF68E5972AE60AE2007DE7F7 /* LoginView.swift in Sources */,
				BF68E59D2AE61302007DE7F7 /* HTTPClient.swift in Sources */,
				BF68E5A42AE62E83007DE7F7 /* UserData.swift in Sources */,
				BF68E56E2AE60A6E007DE7F7 /* ContentView.swift in Sources */,
				BF68E5A22AE62E4B007DE7F7 /* UserDefaultsManager.swift in Sources */,
				BF68E56C2AE60A6E007DE7F7 /* WebStorageApp.swift in Sources */,
				BF68E5A62AE63517007DE7F7 /* FileView.swift in Sources */,
				BF68E59F2AE62DA3007DE7F7 /* UserDefaultsWrapper.swift in Sources */,
				BF68E59A2AE60E0B007DE7F7 /* ColorExtension.swift in Sources */,
			);
			runOnlyForDeploymentPostprocessing = 0;
		};
		BF68E5742AE60A70007DE7F7 /* Sources */ = {
			isa = PBXSourcesBuildPhase;
			buildActionMask = 2147483647;
			files = (
				BF68E57D2AE60A70007DE7F7 /* WebStorageTests.swift in Sources */,
			);
			runOnlyForDeploymentPostprocessing = 0;
		};
		BF68E57E2AE60A70007DE7F7 /* Sources */ = {
			isa = PBXSourcesBuildPhase;
			buildActionMask = 2147483647;
			files = (
				BF68E5872AE60A70007DE7F7 /* WebStorageUITests.swift in Sources */,
				BF68E5892AE60A70007DE7F7 /* WebStorageUITestsLaunchTests.swift in Sources */,
			);
			runOnlyForDeploymentPostprocessing = 0;
		};
/* End PBXSourcesBuildPhase section */

/* Begin PBXTargetDependency section */
		BF68E57A2AE60A70007DE7F7 /* PBXTargetDependency */ = {
			isa = PBXTargetDependency;
			target = BF68E5672AE60A6D007DE7F7 /* WebStorage */;
			targetProxy = BF68E5792AE60A70007DE7F7 /* PBXContainerItemProxy */;
		};
		BF68E5842AE60A70007DE7F7 /* PBXTargetDependency */ = {
			isa = PBXTargetDependency;
			target = BF68E5672AE60A6D007DE7F7 /* WebStorage */;
			targetProxy = BF68E5832AE60A70007DE7F7 /* PBXContainerItemProxy */;
		};
/* End PBXTargetDependency section */

/* Begin XCBuildConfiguration section */
		BF68E58A2AE60A70007DE7F7 /* Debug */ = {
			isa = XCBuildConfiguration;
			buildSettings = {
				ALWAYS_SEARCH_USER_PATHS = NO;
				ASSETCATALOG_COMPILER_GENERATE_SWIFT_ASSET_SYMBOL_EXTENSIONS = YES;
				CLANG_ANALYZER_NONNULL = YES;
				CLANG_ANALYZER_NUMBER_OBJECT_CONVERSION = YES_AGGRESSIVE;
				CLANG_CXX_LANGUAGE_STANDARD = "gnu++20";
				CLANG_ENABLE_MODULES = YES;
				CLANG_ENABLE_OBJC_ARC = YES;
				CLANG_ENABLE_OBJC_WEAK = YES;
				CLANG_WARN_BLOCK_CAPTURE_AUTORELEASING = YES;
				CLANG_WARN_BOOL_CONVERSION = YES;
				CLANG_WARN_COMMA = YES;
				CLANG_WARN_CONSTANT_CONVERSION = YES;
				CLANG_WARN_DEPRECATED_OBJC_IMPLEMENTATIONS = YES;
				CLANG_WARN_DIRECT_OBJC_ISA_USAGE = YES_ERROR;
				CLANG_WARN_DOCUMENTATION_COMMENTS = YES;
				CLANG_WARN_EMPTY_BODY = YES;
				CLANG_WARN_ENUM_CONVERSION = YES;
				CLANG_WARN_INFINITE_RECURSION = YES;
				CLANG_WARN_INT_CONVERSION = YES;
				CLANG_WARN_NON_LITERAL_NULL_CONVERSION = YES;
				CLANG_WARN_OBJC_IMPLICIT_RETAIN_SELF = YES;
				CLANG_WARN_OBJC_LITERAL_CONVERSION = YES;
				CLANG_WARN_OBJC_ROOT_CLASS = YES_ERROR;
				CLANG_WARN_QUOTED_INCLUDE_IN_FRAMEWORK_HEADER = YES;
				CLANG_WARN_RANGE_LOOP_ANALYSIS = YES;
				CLANG_WARN_STRICT_PROTOTYPES = YES;
				CLANG_WARN_SUSPICIOUS_MOVE = YES;
				CLANG_WARN_UNGUARDED_AVAILABILITY = YES_AGGRESSIVE;
				CLANG_WARN_UNREACHABLE_CODE = YES;
				CLANG_WARN__DUPLICATE_METHOD_MATCH = YES;
				COPY_PHASE_STRIP = NO;
				DEBUG_INFORMATION_FORMAT = dwarf;
				ENABLE_STRICT_OBJC_MSGSEND = YES;
				ENABLE_TESTABILITY = YES;
				ENABLE_USER_SCRIPT_SANDBOXING = YES;
				GCC_C_LANGUAGE_STANDARD = gnu17;
				GCC_DYNAMIC_NO_PIC = NO;
				GCC_NO_COMMON_BLOCKS = YES;
				GCC_OPTIMIZATION_LEVEL = 0;
				GCC_PREPROCESSOR_DEFINITIONS = (
					"DEBUG=1",
					"$(inherited)",
				);
				GCC_WARN_64_TO_32_BIT_CONVERSION = YES;
				GCC_WARN_ABOUT_RETURN_TYPE = YES_ERROR;
				GCC_WARN_UNDECLARED_SELECTOR = YES;
				GCC_WARN_UNINITIALIZED_AUTOS = YES_AGGRESSIVE;
				GCC_WARN_UNUSED_FUNCTION = YES;
				GCC_WARN_UNUSED_VARIABLE = YES;
				IPHONEOS_DEPLOYMENT_TARGET = 17.0;
				LOCALIZATION_PREFERS_STRING_CATALOGS = YES;
				MTL_ENABLE_DEBUG_INFO = INCLUDE_SOURCE;
				MTL_FAST_MATH = YES;
				ONLY_ACTIVE_ARCH = YES;
				SDKROOT = iphoneos;
				SWIFT_ACTIVE_COMPILATION_CONDITIONS = "DEBUG $(inherited)";
				SWIFT_OPTIMIZATION_LEVEL = "-Onone";
			};
			name = Debug;
		};
		BF68E58B2AE60A70007DE7F7 /* Release */ = {
			isa = XCBuildConfiguration;
			buildSettings = {
				ALWAYS_SEARCH_USER_PATHS = NO;
				ASSETCATALOG_COMPILER_GENERATE_SWIFT_ASSET_SYMBOL_EXTENSIONS = YES;
				CLANG_ANALYZER_NONNULL = YES;
				CLANG_ANALYZER_NUMBER_OBJECT_CONVERSION = YES_AGGRESSIVE;
				CLANG_CXX_LANGUAGE_STANDARD = "gnu++20";
				CLANG_ENABLE_MODULES = YES;
				CLANG_ENABLE_OBJC_ARC = YES;
				CLANG_ENABLE_OBJC_WEAK = YES;
				CLANG_WARN_BLOCK_CAPTURE_AUTORELEASING = YES;
				CLANG_WARN_BOOL_CONVERSION = YES;
				CLANG_WARN_COMMA = YES;
				CLANG_WARN_CONSTANT_CONVERSION = YES;
				CLANG_WARN_DEPRECATED_OBJC_IMPLEMENTATIONS = YES;
				CLANG_WARN_DIRECT_OBJC_ISA_USAGE = YES_ERROR;
				CLANG_WARN_DOCUMENTATION_COMMENTS = YES;
				CLANG_WARN_EMPTY_BODY = YES;
				CLANG_WARN_ENUM_CONVERSION = YES;
				CLANG_WARN_INFINITE_RECURSION = YES;
				CLANG_WARN_INT_CONVERSION = YES;
				CLANG_WARN_NON_LITERAL_NULL_CONVERSION = YES;
				CLANG_WARN_OBJC_IMPLICIT_RETAIN_SELF = YES;
				CLANG_WARN_OBJC_LITERAL_CONVERSION = YES;
				CLANG_WARN_OBJC_ROOT_CLASS = YES_ERROR;
				CLANG_WARN_QUOTED_INCLUDE_IN_FRAMEWORK_HEADER = YES;
				CLANG_WARN_RANGE_LOOP_ANALYSIS = YES;
				CLANG_WARN_STRICT_PROTOTYPES = YES;
				CLANG_WARN_SUSPICIOUS_MOVE = YES;
				CLANG_WARN_UNGUARDED_AVAILABILITY = YES_AGGRESSIVE;
				CLANG_WARN_UNREACHABLE_CODE = YES;
				CLANG_WARN__DUPLICATE_METHOD_MATCH = YES;
				COPY_PHASE_STRIP = NO;
				DEBUG_INFORMATION_FORMAT = "dwarf-with-dsym";
				ENABLE_NS_ASSERTIONS = NO;
				ENABLE_STRICT_OBJC_MSGSEND = YES;
				ENABLE_USER_SCRIPT_SANDBOXING = YES;
				GCC_C_LANGUAGE_STANDARD = gnu17;
				GCC_NO_COMMON_BLOCKS = YES;
				GCC_WARN_64_TO_32_BIT_CONVERSION = YES;
				GCC_WARN_ABOUT_RETURN_TYPE = YES_ERROR;
				GCC_WARN_UNDECLARED_SELECTOR = YES;
				GCC_WARN_UNINITIALIZED_AUTOS = YES_AGGRESSIVE;
				GCC_WARN_UNUSED_FUNCTION = YES;
				GCC_WARN_UNUSED_VARIABLE = YES;
				IPHONEOS_DEPLOYMENT_TARGET = 17.0;
				LOCALIZATION_PREFERS_STRING_CATALOGS = YES;
				MTL_ENABLE_DEBUG_INFO = NO;
				MTL_FAST_MATH = YES;
				SDKROOT = iphoneos;
				SWIFT_COMPILATION_MODE = wholemodule;
				VALIDATE_PRODUCT = YES;
			};
			name = Release;
		};
		BF68E58D2AE60A70007DE7F7 /* Debug */ = {
			isa = XCBuildConfiguration;
			buildSettings = {
				ASSETCATALOG_COMPILER_APPICON_NAME = AppIcon;
				ASSETCATALOG_COMPILER_GLOBAL_ACCENT_COLOR_NAME = AccentColor;
				CODE_SIGN_STYLE = Automatic;
				CURRENT_PROJECT_VERSION = 1;
				DEVELOPMENT_ASSET_PATHS = "\"WebStorage/Preview Content\"";
				DEVELOPMENT_TEAM = T9X3F2NH43;
				ENABLE_PREVIEWS = YES;
				GENERATE_INFOPLIST_FILE = YES;
				INFOPLIST_KEY_NSFaceIDUsageDescription = "로그인을 위해 생체인증을 진행합니다.";
				INFOPLIST_KEY_UIApplicationSceneManifest_Generation = YES;
				INFOPLIST_KEY_UIApplicationSupportsIndirectInputEvents = YES;
				INFOPLIST_KEY_UILaunchScreen_Generation = YES;
				INFOPLIST_KEY_UISupportedInterfaceOrientations_iPad = "UIInterfaceOrientationPortrait UIInterfaceOrientationPortraitUpsideDown UIInterfaceOrientationLandscapeLeft UIInterfaceOrientationLandscapeRight";
				INFOPLIST_KEY_UISupportedInterfaceOrientations_iPhone = "UIInterfaceOrientationPortrait UIInterfaceOrientationLandscapeLeft UIInterfaceOrientationLandscapeRight";
				LD_RUNPATH_SEARCH_PATHS = (
					"$(inherited)",
					"@executable_path/Frameworks",
				);
				MARKETING_VERSION = 1.0;
				PRODUCT_BUNDLE_IDENTIFIER = com.teger.WebStorage;
				PRODUCT_NAME = "$(TARGET_NAME)";
				SWIFT_EMIT_LOC_STRINGS = YES;
				SWIFT_VERSION = 5.0;
				TARGETED_DEVICE_FAMILY = "1,2";
			};
			name = Debug;
		};
		BF68E58E2AE60A70007DE7F7 /* Release */ = {
			isa = XCBuildConfiguration;
			buildSettings = {
				ASSETCATALOG_COMPILER_APPICON_NAME = AppIcon;
				ASSETCATALOG_COMPILER_GLOBAL_ACCENT_COLOR_NAME = AccentColor;
				CODE_SIGN_STYLE = Automatic;
				CURRENT_PROJECT_VERSION = 1;
				DEVELOPMENT_ASSET_PATHS = "\"WebStorage/Preview Content\"";
				DEVELOPMENT_TEAM = T9X3F2NH43;
				ENABLE_PREVIEWS = YES;
				GENERATE_INFOPLIST_FILE = YES;
				INFOPLIST_KEY_NSFaceIDUsageDescription = "로그인을 위해 생체인증을 진행합니다.";
				INFOPLIST_KEY_UIApplicationSceneManifest_Generation = YES;
				INFOPLIST_KEY_UIApplicationSupportsIndirectInputEvents = YES;
				INFOPLIST_KEY_UILaunchScreen_Generation = YES;
				INFOPLIST_KEY_UISupportedInterfaceOrientations_iPad = "UIInterfaceOrientationPortrait UIInterfaceOrientationPortraitUpsideDown UIInterfaceOrientationLandscapeLeft UIInterfaceOrientationLandscapeRight";
				INFOPLIST_KEY_UISupportedInterfaceOrientations_iPhone = "UIInterfaceOrientationPortrait UIInterfaceOrientationLandscapeLeft UIInterfaceOrientationLandscapeRight";
				LD_RUNPATH_SEARCH_PATHS = (
					"$(inherited)",
					"@executable_path/Frameworks",
				);
				MARKETING_VERSION = 1.0;
				PRODUCT_BUNDLE_IDENTIFIER = com.teger.WebStorage;
				PRODUCT_NAME = "$(TARGET_NAME)";
				SWIFT_EMIT_LOC_STRINGS = YES;
				SWIFT_VERSION = 5.0;
				TARGETED_DEVICE_FAMILY = "1,2";
			};
			name = Release;
		};
		BF68E5902AE60A70007DE7F7 /* Debug */ = {
			isa = XCBuildConfiguration;
			buildSettings = {
				ALWAYS_EMBED_SWIFT_STANDARD_LIBRARIES = YES;
				BUNDLE_LOADER = "$(TEST_HOST)";
				CODE_SIGN_STYLE = Automatic;
				CURRENT_PROJECT_VERSION = 1;
				GENERATE_INFOPLIST_FILE = YES;
				IPHONEOS_DEPLOYMENT_TARGET = 17.0;
				MARKETING_VERSION = 1.0;
				PRODUCT_BUNDLE_IDENTIFIER = com.teger.WebStorageTests;
				PRODUCT_NAME = "$(TARGET_NAME)";
				SWIFT_EMIT_LOC_STRINGS = NO;
				SWIFT_VERSION = 5.0;
				TARGETED_DEVICE_FAMILY = "1,2";
				TEST_HOST = "$(BUILT_PRODUCTS_DIR)/WebStorage.app/$(BUNDLE_EXECUTABLE_FOLDER_PATH)/WebStorage";
			};
			name = Debug;
		};
		BF68E5912AE60A70007DE7F7 /* Release */ = {
			isa = XCBuildConfiguration;
			buildSettings = {
				ALWAYS_EMBED_SWIFT_STANDARD_LIBRARIES = YES;
				BUNDLE_LOADER = "$(TEST_HOST)";
				CODE_SIGN_STYLE = Automatic;
				CURRENT_PROJECT_VERSION = 1;
				GENERATE_INFOPLIST_FILE = YES;
				IPHONEOS_DEPLOYMENT_TARGET = 17.0;
				MARKETING_VERSION = 1.0;
				PRODUCT_BUNDLE_IDENTIFIER = com.teger.WebStorageTests;
				PRODUCT_NAME = "$(TARGET_NAME)";
				SWIFT_EMIT_LOC_STRINGS = NO;
				SWIFT_VERSION = 5.0;
				TARGETED_DEVICE_FAMILY = "1,2";
				TEST_HOST = "$(BUILT_PRODUCTS_DIR)/WebStorage.app/$(BUNDLE_EXECUTABLE_FOLDER_PATH)/WebStorage";
			};
			name = Release;
		};
		BF68E5932AE60A70007DE7F7 /* Debug */ = {
			isa = XCBuildConfiguration;
			buildSettings = {
				ALWAYS_EMBED_SWIFT_STANDARD_LIBRARIES = YES;
				CODE_SIGN_STYLE = Automatic;
				CURRENT_PROJECT_VERSION = 1;
				GENERATE_INFOPLIST_FILE = YES;
				MARKETING_VERSION = 1.0;
				PRODUCT_BUNDLE_IDENTIFIER = com.teger.WebStorageUITests;
				PRODUCT_NAME = "$(TARGET_NAME)";
				SWIFT_EMIT_LOC_STRINGS = NO;
				SWIFT_VERSION = 5.0;
				TARGETED_DEVICE_FAMILY = "1,2";
				TEST_TARGET_NAME = WebStorage;
			};
			name = Debug;
		};
		BF68E5942AE60A70007DE7F7 /* Release */ = {
			isa = XCBuildConfiguration;
			buildSettings = {
				ALWAYS_EMBED_SWIFT_STANDARD_LIBRARIES = YES;
				CODE_SIGN_STYLE = Automatic;
				CURRENT_PROJECT_VERSION = 1;
				GENERATE_INFOPLIST_FILE = YES;
				MARKETING_VERSION = 1.0;
				PRODUCT_BUNDLE_IDENTIFIER = com.teger.WebStorageUITests;
				PRODUCT_NAME = "$(TARGET_NAME)";
				SWIFT_EMIT_LOC_STRINGS = NO;
				SWIFT_VERSION = 5.0;
				TARGETED_DEVICE_FAMILY = "1,2";
				TEST_TARGET_NAME = WebStorage;
			};
			name = Release;
		};
/* End XCBuildConfiguration section */

/* Begin XCConfigurationList section */
		BF68E5632AE60A6D007DE7F7 /* Build configuration list for PBXProject "WebStorage" */ = {
			isa = XCConfigurationList;
			buildConfigurations = (
				BF68E58A2AE60A70007DE7F7 /* Debug */,
				BF68E58B2AE60A70007DE7F7 /* Release */,
			);
			defaultConfigurationIsVisible = 0;
			defaultConfigurationName = Release;
		};
		BF68E58C2AE60A70007DE7F7 /* Build configuration list for PBXNativeTarget "WebStorage" */ = {
			isa = XCConfigurationList;
			buildConfigurations = (
				BF68E58D2AE60A70007DE7F7 /* Debug */,
				BF68E58E2AE60A70007DE7F7 /* Release */,
			);
			defaultConfigurationIsVisible = 0;
			defaultConfigurationName = Release;
		};
		BF68E58F2AE60A70007DE7F7 /* Build configuration list for PBXNativeTarget "WebStorageTests" */ = {
			isa = XCConfigurationList;
			buildConfigurations = (
				BF68E5902AE60A70007DE7F7 /* Debug */,
				BF68E5912AE60A70007DE7F7 /* Release */,
			);
			defaultConfigurationIsVisible = 0;
			defaultConfigurationName = Release;
		};
		BF68E5922AE60A70007DE7F7 /* Build configuration list for PBXNativeTarget "WebStorageUITests" */ = {
			isa = XCConfigurationList;
			buildConfigurations = (
				BF68E5932AE60A70007DE7F7 /* Debug */,
				BF68E5942AE60A70007DE7F7 /* Release */,
			);
			defaultConfigurationIsVisible = 0;
			defaultConfigurationName = Release;
		};
/* End XCConfigurationList section */
	};
	rootObject = BF68E5602AE60A6D007DE7F7 /* Project object */;
}
